// !$*UTF8*$!
{
	archiveVersion = 1;
	classes = {
	};
	objectVersion = 56;
	objects = {

/* Begin PBXBuildFile section */
		5E6355A2BB6125E080D410D0 /* Pods_NewsApp.framework in Frameworks */ = {isa = PBXBuildFile; fileRef = C0F60534582912D5196D8F62 /* Pods_NewsApp.framework */; };
		BE25D1A929837CCF005FA114 /* Poppins-Medium.ttf in Resources */ = {isa = PBXBuildFile; fileRef = BE25D1A529837CCF005FA114 /* Poppins-Medium.ttf */; };
		BE25D1AA29837CCF005FA114 /* Poppins-ExtraBold.ttf in Resources */ = {isa = PBXBuildFile; fileRef = BE25D1A629837CCF005FA114 /* Poppins-ExtraBold.ttf */; };
		BE25D1AB29837CCF005FA114 /* Poppins-Regular.ttf in Resources */ = {isa = PBXBuildFile; fileRef = BE25D1A729837CCF005FA114 /* Poppins-Regular.ttf */; };
		BE25D1AC29837CCF005FA114 /* Poppins-SemiBold.ttf in Resources */ = {isa = PBXBuildFile; fileRef = BE25D1A829837CCF005FA114 /* Poppins-SemiBold.ttf */; };
		BE48DE48297E9DD500B5EB26 /* NewsResponse.swift in Sources */ = {isa = PBXBuildFile; fileRef = BE48DE47297E9DD500B5EB26 /* NewsResponse.swift */; };
		BE48DE5B297E9FB500B5EB26 /* TopHeadlinesTableViewCell.xib in Resources */ = {isa = PBXBuildFile; fileRef = BE48DE53297E9FB500B5EB26 /* TopHeadlinesTableViewCell.xib */; };
		BE48DE5D297E9FB500B5EB26 /* TopHeadlinesTableViewCell.swift in Sources */ = {isa = PBXBuildFile; fileRef = BE48DE55297E9FB500B5EB26 /* TopHeadlinesTableViewCell.swift */; };
		BE48DE5E297E9FB500B5EB26 /* FirstTopHeadlinesTableViewCell.xib in Resources */ = {isa = PBXBuildFile; fileRef = BE48DE56297E9FB500B5EB26 /* FirstTopHeadlinesTableViewCell.xib */; };
		BE48DE60297E9FB500B5EB26 /* FirstTopHeadlinesTableViewCell.swift in Sources */ = {isa = PBXBuildFile; fileRef = BE48DE58297E9FB500B5EB26 /* FirstTopHeadlinesTableViewCell.swift */; };
		BE740840297EA33D0026393B /* Extension.swift in Sources */ = {isa = PBXBuildFile; fileRef = BE74083F297EA33D0026393B /* Extension.swift */; };
		BE740847297F847D0026393B /* DetailNewsViewController.swift in Sources */ = {isa = PBXBuildFile; fileRef = BE740845297F847D0026393B /* DetailNewsViewController.swift */; };
		BE740848297F847D0026393B /* DetailNewsViewController.xib in Resources */ = {isa = PBXBuildFile; fileRef = BE740846297F847D0026393B /* DetailNewsViewController.xib */; };
		BE7C79AA297E67AB0065000D /* AppDelegate.swift in Sources */ = {isa = PBXBuildFile; fileRef = BE7C79A9297E67AB0065000D /* AppDelegate.swift */; };
		BE7C79B1297E67AB0065000D /* Main.storyboard in Resources */ = {isa = PBXBuildFile; fileRef = BE7C79AF297E67AB0065000D /* Main.storyboard */; };
		BE7C79B3297E67AD0065000D /* Assets.xcassets in Resources */ = {isa = PBXBuildFile; fileRef = BE7C79B2297E67AD0065000D /* Assets.xcassets */; };
		BE7C79B6297E67AD0065000D /* LaunchScreen.storyboard in Resources */ = {isa = PBXBuildFile; fileRef = BE7C79B4297E67AD0065000D /* LaunchScreen.storyboard */; };
		BE7C79C3297E6A380065000D /* HomeContract.swift in Sources */ = {isa = PBXBuildFile; fileRef = BE7C79C2297E6A380065000D /* HomeContract.swift */; };
		BE7C79C6297E6A510065000D /* HomeViewController.swift in Sources */ = {isa = PBXBuildFile; fileRef = BE7C79C4297E6A510065000D /* HomeViewController.swift */; };
		BE7C79C7297E6A510065000D /* HomeViewController.xib in Resources */ = {isa = PBXBuildFile; fileRef = BE7C79C5297E6A510065000D /* HomeViewController.xib */; };
		BE7C79C9297E6A5E0065000D /* HomeInteractor.swift in Sources */ = {isa = PBXBuildFile; fileRef = BE7C79C8297E6A5E0065000D /* HomeInteractor.swift */; };
		BE7C79CB297E6A6C0065000D /* HomePresenter.swift in Sources */ = {isa = PBXBuildFile; fileRef = BE7C79CA297E6A6C0065000D /* HomePresenter.swift */; };
		BE7C79CD297E6A780065000D /* HomeEntity.swift in Sources */ = {isa = PBXBuildFile; fileRef = BE7C79CC297E6A780065000D /* HomeEntity.swift */; };
		BE7C79CF297E6A850065000D /* HomeRouter.swift in Sources */ = {isa = PBXBuildFile; fileRef = BE7C79CE297E6A850065000D /* HomeRouter.swift */; };
		BE7C79D4297E798A0065000D /* Constant.swift in Sources */ = {isa = PBXBuildFile; fileRef = BE7C79D3297E798A0065000D /* Constant.swift */; };
		BE7C79D7297E7B030065000D /* BaseRouter.swift in Sources */ = {isa = PBXBuildFile; fileRef = BE7C79D6297E7B030065000D /* BaseRouter.swift */; };
		BE7C79D9297E7B4E0065000D /* BaseViewController.swift in Sources */ = {isa = PBXBuildFile; fileRef = BE7C79D8297E7B4E0065000D /* BaseViewController.swift */; };
		BE9288FE297FB3C600196147 /* CategoryPickerViewController.swift in Sources */ = {isa = PBXBuildFile; fileRef = BE9288FC297FB3C600196147 /* CategoryPickerViewController.swift */; };
		BE9288FF297FB3C600196147 /* CategoryPickerViewController.xib in Resources */ = {isa = PBXBuildFile; fileRef = BE9288FD297FB3C600196147 /* CategoryPickerViewController.xib */; };
		BE928902297FB8BE00196147 /* CategoryPickerTableViewCell.swift in Sources */ = {isa = PBXBuildFile; fileRef = BE928900297FB8BE00196147 /* CategoryPickerTableViewCell.swift */; };
		BE928903297FB8BE00196147 /* CategoryPickerTableViewCell.xib in Resources */ = {isa = PBXBuildFile; fileRef = BE928901297FB8BE00196147 /* CategoryPickerTableViewCell.xib */; };
		BEDE8DD92983A62100F6180D /* AlertManager.swift in Sources */ = {isa = PBXBuildFile; fileRef = BEDE8DD82983A62100F6180D /* AlertManager.swift */; };
/* End PBXBuildFile section */

/* Begin PBXFileReference section */
		08DE404E20410D97ECD042EC /* Pods-NewsApp.release.xcconfig */ = {isa = PBXFileReference; includeInIndex = 1; lastKnownFileType = text.xcconfig; name = "Pods-NewsApp.release.xcconfig"; path = "Target Support Files/Pods-NewsApp/Pods-NewsApp.release.xcconfig"; sourceTree = "<group>"; };
		BE25D1A529837CCF005FA114 /* Poppins-Medium.ttf */ = {isa = PBXFileReference; lastKnownFileType = file; path = "Poppins-Medium.ttf"; sourceTree = "<group>"; };
		BE25D1A629837CCF005FA114 /* Poppins-ExtraBold.ttf */ = {isa = PBXFileReference; lastKnownFileType = file; path = "Poppins-ExtraBold.ttf"; sourceTree = "<group>"; };
		BE25D1A729837CCF005FA114 /* Poppins-Regular.ttf */ = {isa = PBXFileReference; lastKnownFileType = file; path = "Poppins-Regular.ttf"; sourceTree = "<group>"; };
		BE25D1A829837CCF005FA114 /* Poppins-SemiBold.ttf */ = {isa = PBXFileReference; lastKnownFileType = file; path = "Poppins-SemiBold.ttf"; sourceTree = "<group>"; };
		BE48DE47297E9DD500B5EB26 /* NewsResponse.swift */ = {isa = PBXFileReference; lastKnownFileType = sourcecode.swift; path = NewsResponse.swift; sourceTree = "<group>"; };
		BE48DE53297E9FB500B5EB26 /* TopHeadlinesTableViewCell.xib */ = {isa = PBXFileReference; fileEncoding = 4; lastKnownFileType = file.xib; path = TopHeadlinesTableViewCell.xib; sourceTree = "<group>"; };
		BE48DE55297E9FB500B5EB26 /* TopHeadlinesTableViewCell.swift */ = {isa = PBXFileReference; fileEncoding = 4; lastKnownFileType = sourcecode.swift; path = TopHeadlinesTableViewCell.swift; sourceTree = "<group>"; };
		BE48DE56297E9FB500B5EB26 /* FirstTopHeadlinesTableViewCell.xib */ = {isa = PBXFileReference; fileEncoding = 4; lastKnownFileType = file.xib; path = FirstTopHeadlinesTableViewCell.xib; sourceTree = "<group>"; };
		BE48DE58297E9FB500B5EB26 /* FirstTopHeadlinesTableViewCell.swift */ = {isa = PBXFileReference; fileEncoding = 4; lastKnownFileType = sourcecode.swift; path = FirstTopHeadlinesTableViewCell.swift; sourceTree = "<group>"; };
		BE74083F297EA33D0026393B /* Extension.swift */ = {isa = PBXFileReference; lastKnownFileType = sourcecode.swift; path = Extension.swift; sourceTree = "<group>"; };
		BE740845297F847D0026393B /* DetailNewsViewController.swift */ = {isa = PBXFileReference; lastKnownFileType = sourcecode.swift; path = DetailNewsViewController.swift; sourceTree = "<group>"; };
		BE740846297F847D0026393B /* DetailNewsViewController.xib */ = {isa = PBXFileReference; lastKnownFileType = file.xib; path = DetailNewsViewController.xib; sourceTree = "<group>"; };
		BE7C79A6297E67AB0065000D /* NewsApp.app */ = {isa = PBXFileReference; explicitFileType = wrapper.application; includeInIndex = 0; path = NewsApp.app; sourceTree = BUILT_PRODUCTS_DIR; };
		BE7C79A9297E67AB0065000D /* AppDelegate.swift */ = {isa = PBXFileReference; lastKnownFileType = sourcecode.swift; path = AppDelegate.swift; sourceTree = "<group>"; };
		BE7C79B0297E67AB0065000D /* Base */ = {isa = PBXFileReference; lastKnownFileType = file.storyboard; name = Base; path = Base.lproj/Main.storyboard; sourceTree = "<group>"; };
		BE7C79B2297E67AD0065000D /* Assets.xcassets */ = {isa = PBXFileReference; lastKnownFileType = folder.assetcatalog; path = Assets.xcassets; sourceTree = "<group>"; };
		BE7C79B5297E67AD0065000D /* Base */ = {isa = PBXFileReference; lastKnownFileType = file.storyboard; name = Base; path = Base.lproj/LaunchScreen.storyboard; sourceTree = "<group>"; };
		BE7C79B7297E67AD0065000D /* Info.plist */ = {isa = PBXFileReference; lastKnownFileType = text.plist.xml; path = Info.plist; sourceTree = "<group>"; };
		BE7C79C2297E6A380065000D /* HomeContract.swift */ = {isa = PBXFileReference; lastKnownFileType = sourcecode.swift; path = HomeContract.swift; sourceTree = "<group>"; };
		BE7C79C4297E6A510065000D /* HomeViewController.swift */ = {isa = PBXFileReference; lastKnownFileType = sourcecode.swift; path = HomeViewController.swift; sourceTree = "<group>"; };
		BE7C79C5297E6A510065000D /* HomeViewController.xib */ = {isa = PBXFileReference; lastKnownFileType = file.xib; path = HomeViewController.xib; sourceTree = "<group>"; };
		BE7C79C8297E6A5E0065000D /* HomeInteractor.swift */ = {isa = PBXFileReference; lastKnownFileType = sourcecode.swift; path = HomeInteractor.swift; sourceTree = "<group>"; };
		BE7C79CA297E6A6C0065000D /* HomePresenter.swift */ = {isa = PBXFileReference; lastKnownFileType = sourcecode.swift; path = HomePresenter.swift; sourceTree = "<group>"; };
		BE7C79CC297E6A780065000D /* HomeEntity.swift */ = {isa = PBXFileReference; lastKnownFileType = sourcecode.swift; path = HomeEntity.swift; sourceTree = "<group>"; };
		BE7C79CE297E6A850065000D /* HomeRouter.swift */ = {isa = PBXFileReference; lastKnownFileType = sourcecode.swift; path = HomeRouter.swift; sourceTree = "<group>"; };
		BE7C79D3297E798A0065000D /* Constant.swift */ = {isa = PBXFileReference; lastKnownFileType = sourcecode.swift; path = Constant.swift; sourceTree = "<group>"; };
		BE7C79D6297E7B030065000D /* BaseRouter.swift */ = {isa = PBXFileReference; lastKnownFileType = sourcecode.swift; path = BaseRouter.swift; sourceTree = "<group>"; };
		BE7C79D8297E7B4E0065000D /* BaseViewController.swift */ = {isa = PBXFileReference; lastKnownFileType = sourcecode.swift; path = BaseViewController.swift; sourceTree = "<group>"; };
		BE9288FC297FB3C600196147 /* CategoryPickerViewController.swift */ = {isa = PBXFileReference; lastKnownFileType = sourcecode.swift; path = CategoryPickerViewController.swift; sourceTree = "<group>"; };
		BE9288FD297FB3C600196147 /* CategoryPickerViewController.xib */ = {isa = PBXFileReference; lastKnownFileType = file.xib; path = CategoryPickerViewController.xib; sourceTree = "<group>"; };
		BE928900297FB8BE00196147 /* CategoryPickerTableViewCell.swift */ = {isa = PBXFileReference; lastKnownFileType = sourcecode.swift; path = CategoryPickerTableViewCell.swift; sourceTree = "<group>"; };
		BE928901297FB8BE00196147 /* CategoryPickerTableViewCell.xib */ = {isa = PBXFileReference; lastKnownFileType = file.xib; path = CategoryPickerTableViewCell.xib; sourceTree = "<group>"; };
		BEDE8DD82983A62100F6180D /* AlertManager.swift */ = {isa = PBXFileReference; lastKnownFileType = sourcecode.swift; path = AlertManager.swift; sourceTree = "<group>"; };
		C0F60534582912D5196D8F62 /* Pods_NewsApp.framework */ = {isa = PBXFileReference; explicitFileType = wrapper.framework; includeInIndex = 0; path = Pods_NewsApp.framework; sourceTree = BUILT_PRODUCTS_DIR; };
		F395123C0B30939C29CC83C8 /* Pods-NewsApp.debug.xcconfig */ = {isa = PBXFileReference; includeInIndex = 1; lastKnownFileType = text.xcconfig; name = "Pods-NewsApp.debug.xcconfig"; path = "Target Support Files/Pods-NewsApp/Pods-NewsApp.debug.xcconfig"; sourceTree = "<group>"; };
/* End PBXFileReference section */

/* Begin PBXFrameworksBuildPhase section */
		BE7C79A3297E67AB0065000D /* Frameworks */ = {
			isa = PBXFrameworksBuildPhase;
			buildActionMask = 2147483647;
			files = (
				5E6355A2BB6125E080D410D0 /* Pods_NewsApp.framework in Frameworks */,
			);
			runOnlyForDeploymentPostprocessing = 0;
		};
/* End PBXFrameworksBuildPhase section */

/* Begin PBXGroup section */
		52A55A1BCFC35BDCE4731336 /* Pods */ = {
			isa = PBXGroup;
			children = (
				F395123C0B30939C29CC83C8 /* Pods-NewsApp.debug.xcconfig */,
				08DE404E20410D97ECD042EC /* Pods-NewsApp.release.xcconfig */,
			);
			path = Pods;
			sourceTree = "<group>";
		};
		5C9A7D8C3C5C8B23CB8CC162 /* Frameworks */ = {
			isa = PBXGroup;
			children = (
				C0F60534582912D5196D8F62 /* Pods_NewsApp.framework */,
			);
			name = Frameworks;
			sourceTree = "<group>";
		};
		BE25D1A429837CCF005FA114 /* Fonts */ = {
			isa = PBXGroup;
			children = (
				BE25D1A529837CCF005FA114 /* Poppins-Medium.ttf */,
				BE25D1A629837CCF005FA114 /* Poppins-ExtraBold.ttf */,
				BE25D1A729837CCF005FA114 /* Poppins-Regular.ttf */,
				BE25D1A829837CCF005FA114 /* Poppins-SemiBold.ttf */,
			);
			path = Fonts;
			sourceTree = "<group>";
		};
		BE48DE49297E9F1800B5EB26 /* ViewCell */ = {
			isa = PBXGroup;
			children = (
				BE48DE58297E9FB500B5EB26 /* FirstTopHeadlinesTableViewCell.swift */,
				BE48DE56297E9FB500B5EB26 /* FirstTopHeadlinesTableViewCell.xib */,
				BE48DE55297E9FB500B5EB26 /* TopHeadlinesTableViewCell.swift */,
				BE48DE53297E9FB500B5EB26 /* TopHeadlinesTableViewCell.xib */,
				BE928900297FB8BE00196147 /* CategoryPickerTableViewCell.swift */,
				BE928901297FB8BE00196147 /* CategoryPickerTableViewCell.xib */,
			);
			path = ViewCell;
			sourceTree = "<group>";
		};
		BE7C799D297E67AB0065000D = {
			isa = PBXGroup;
			children = (
				BE7C79A8297E67AB0065000D /* NewsApp */,
				BE7C79A7297E67AB0065000D /* Products */,
				52A55A1BCFC35BDCE4731336 /* Pods */,
				5C9A7D8C3C5C8B23CB8CC162 /* Frameworks */,
			);
			sourceTree = "<group>";
		};
		BE7C79A7297E67AB0065000D /* Products */ = {
			isa = PBXGroup;
			children = (
				BE7C79A6297E67AB0065000D /* NewsApp.app */,
			);
			name = Products;
			sourceTree = "<group>";
		};
		BE7C79A8297E67AB0065000D /* NewsApp */ = {
			isa = PBXGroup;
			children = (
				BE7C79A9297E67AB0065000D /* AppDelegate.swift */,
				BEDE8DBF2983959800F6180D /* Core */,
				BE7C79D5297E7AF50065000D /* BaseFiles */,
				BE7C79D2297E78D00065000D /* SupportingFiles */,
				BE7C79D0297E78AB0065000D /* Component */,
				BE7C79BD297E68760065000D /* Modules */,
				BE7C79AF297E67AB0065000D /* Main.storyboard */,
				BE7C79B2297E67AD0065000D /* Assets.xcassets */,
				BE7C79B4297E67AD0065000D /* LaunchScreen.storyboard */,
				BE7C79B7297E67AD0065000D /* Info.plist */,
			);
			path = NewsApp;
			sourceTree = "<group>";
		};
		BE7C79BD297E68760065000D /* Modules */ = {
			isa = PBXGroup;
			children = (
				BE7C79BE297E690D0065000D /* Home */,
				BE7C79C0297E69450065000D /* Detail */,
			);
			path = Modules;
			sourceTree = "<group>";
		};
		BE7C79BE297E690D0065000D /* Home */ = {
			isa = PBXGroup;
			children = (
				BE7C79C2297E6A380065000D /* HomeContract.swift */,
				BE7C79CC297E6A780065000D /* HomeEntity.swift */,
				BE7C79C4297E6A510065000D /* HomeViewController.swift */,
				BE7C79C5297E6A510065000D /* HomeViewController.xib */,
				BE7C79C8297E6A5E0065000D /* HomeInteractor.swift */,
				BE7C79CA297E6A6C0065000D /* HomePresenter.swift */,
				BE7C79CE297E6A850065000D /* HomeRouter.swift */,
			);
			path = Home;
			sourceTree = "<group>";
		};
		BE7C79C0297E69450065000D /* Detail */ = {
			isa = PBXGroup;
			children = (
				BE740845297F847D0026393B /* DetailNewsViewController.swift */,
				BE740846297F847D0026393B /* DetailNewsViewController.xib */,
			);
			path = Detail;
			sourceTree = "<group>";
		};
		BE7C79D0297E78AB0065000D /* Component */ = {
			isa = PBXGroup;
			children = (
				BEDE8DD82983A62100F6180D /* AlertManager.swift */,
				BE48DE49297E9F1800B5EB26 /* ViewCell */,
				BE9288FC297FB3C600196147 /* CategoryPickerViewController.swift */,
				BE9288FD297FB3C600196147 /* CategoryPickerViewController.xib */,
			);
			path = Component;
			sourceTree = "<group>";
		};
		BE7C79D2297E78D00065000D /* SupportingFiles */ = {
			isa = PBXGroup;
			children = (
				BE25D1A429837CCF005FA114 /* Fonts */,
				BE48DE47297E9DD500B5EB26 /* NewsResponse.swift */,
				BE74083F297EA33D0026393B /* Extension.swift */,
			);
			path = SupportingFiles;
			sourceTree = "<group>";
		};
		BE7C79D5297E7AF50065000D /* BaseFiles */ = {
			isa = PBXGroup;
			children = (
				BE7C79D8297E7B4E0065000D /* BaseViewController.swift */,
				BE7C79D6297E7B030065000D /* BaseRouter.swift */,
			);
			path = BaseFiles;
			sourceTree = "<group>";
		};
		BEDE8DBF2983959800F6180D /* Core */ = {
			isa = PBXGroup;
			children = (
				BEDE8DC2298395C000F6180D /* Network */,
			);
			path = Core;
			sourceTree = "<group>";
		};
		BEDE8DC2298395C000F6180D /* Network */ = {
			isa = PBXGroup;
			children = (
				BE7C79D3297E798A0065000D /* Constant.swift */,
			);
			path = Network;
			sourceTree = "<group>";
		};
/* End PBXGroup section */

/* Begin PBXNativeTarget section */
		BE7C79A5297E67AB0065000D /* NewsApp */ = {
			isa = PBXNativeTarget;
			buildConfigurationList = BE7C79BA297E67AD0065000D /* Build configuration list for PBXNativeTarget "NewsApp" */;
			buildPhases = (
				D370AD1F8F19E7BB7BA8081E /* [CP] Check Pods Manifest.lock */,
				BE7C79A2297E67AB0065000D /* Sources */,
				BE7C79A3297E67AB0065000D /* Frameworks */,
				BE7C79A4297E67AB0065000D /* Resources */,
				64EC04381818650D346DF516 /* [CP] Embed Pods Frameworks */,
			);
			buildRules = (
			);
			dependencies = (
			);
			name = NewsApp;
			productName = NewsApp;
			productReference = BE7C79A6297E67AB0065000D /* NewsApp.app */;
			productType = "com.apple.product-type.application";
		};
/* End PBXNativeTarget section */

/* Begin PBXProject section */
		BE7C799E297E67AB0065000D /* Project object */ = {
			isa = PBXProject;
			attributes = {
				BuildIndependentTargetsInParallel = 1;
				LastSwiftUpdateCheck = 1410;
				LastUpgradeCheck = 1410;
				TargetAttributes = {
					BE7C79A5297E67AB0065000D = {
						CreatedOnToolsVersion = 14.1;
					};
				};
			};
			buildConfigurationList = BE7C79A1297E67AB0065000D /* Build configuration list for PBXProject "NewsApp" */;
			compatibilityVersion = "Xcode 14.0";
			developmentRegion = en;
			hasScannedForEncodings = 0;
			knownRegions = (
				en,
				Base,
			);
			mainGroup = BE7C799D297E67AB0065000D;
			productRefGroup = BE7C79A7297E67AB0065000D /* Products */;
			projectDirPath = "";
			projectRoot = "";
			targets = (
				BE7C79A5297E67AB0065000D /* NewsApp */,
			);
		};
/* End PBXProject section */

/* Begin PBXResourcesBuildPhase section */
		BE7C79A4297E67AB0065000D /* Resources */ = {
			isa = PBXResourcesBuildPhase;
			buildActionMask = 2147483647;
			files = (
				BE7C79B6297E67AD0065000D /* LaunchScreen.storyboard in Resources */,
				BE25D1AC29837CCF005FA114 /* Poppins-SemiBold.ttf in Resources */,
				BE928903297FB8BE00196147 /* CategoryPickerTableViewCell.xib in Resources */,
				BE25D1AB29837CCF005FA114 /* Poppins-Regular.ttf in Resources */,
				BE25D1A929837CCF005FA114 /* Poppins-Medium.ttf in Resources */,
				BE25D1AA29837CCF005FA114 /* Poppins-ExtraBold.ttf in Resources */,
				BE7C79B3297E67AD0065000D /* Assets.xcassets in Resources */,
				BE740848297F847D0026393B /* DetailNewsViewController.xib in Resources */,
				BE48DE5B297E9FB500B5EB26 /* TopHeadlinesTableViewCell.xib in Resources */,
				BE9288FF297FB3C600196147 /* CategoryPickerViewController.xib in Resources */,
				BE7C79B1297E67AB0065000D /* Main.storyboard in Resources */,
				BE48DE5E297E9FB500B5EB26 /* FirstTopHeadlinesTableViewCell.xib in Resources */,
				BE7C79C7297E6A510065000D /* HomeViewController.xib in Resources */,
			);
			runOnlyForDeploymentPostprocessing = 0;
		};
/* End PBXResourcesBuildPhase section */

/* Begin PBXShellScriptBuildPhase section */
		64EC04381818650D346DF516 /* [CP] Embed Pods Frameworks */ = {
			isa = PBXShellScriptBuildPhase;
			buildActionMask = 2147483647;
			files = (
			);
			inputFileListPaths = (
				"${PODS_ROOT}/Target Support Files/Pods-NewsApp/Pods-NewsApp-frameworks-${CONFIGURATION}-input-files.xcfilelist",
			);
			name = "[CP] Embed Pods Frameworks";
			outputFileListPaths = (
				"${PODS_ROOT}/Target Support Files/Pods-NewsApp/Pods-NewsApp-frameworks-${CONFIGURATION}-output-files.xcfilelist",
			);
			runOnlyForDeploymentPostprocessing = 0;
			shellPath = /bin/sh;
			shellScript = "\"${PODS_ROOT}/Target Support Files/Pods-NewsApp/Pods-NewsApp-frameworks.sh\"\n";
			showEnvVarsInLog = 0;
		};
		D370AD1F8F19E7BB7BA8081E /* [CP] Check Pods Manifest.lock */ = {
			isa = PBXShellScriptBuildPhase;
			buildActionMask = 2147483647;
			files = (
			);
			inputFileListPaths = (
			);
			inputPaths = (
				"${PODS_PODFILE_DIR_PATH}/Podfile.lock",
				"${PODS_ROOT}/Manifest.lock",
			);
			name = "[CP] Check Pods Manifest.lock";
			outputFileListPaths = (
			);
			outputPaths = (
				"$(DERIVED_FILE_DIR)/Pods-NewsApp-checkManifestLockResult.txt",
			);
			runOnlyForDeploymentPostprocessing = 0;
			shellPath = /bin/sh;
			shellScript = "diff \"${PODS_PODFILE_DIR_PATH}/Podfile.lock\" \"${PODS_ROOT}/Manifest.lock\" > /dev/null\nif [ $? != 0 ] ; then\n    # print error to STDERR\n    echo \"error: The sandbox is not in sync with the Podfile.lock. Run 'pod install' or update your CocoaPods installation.\" >&2\n    exit 1\nfi\n# This output is used by Xcode 'outputs' to avoid re-running this script phase.\necho \"SUCCESS\" > \"${SCRIPT_OUTPUT_FILE_0}\"\n";
			showEnvVarsInLog = 0;
		};
/* End PBXShellScriptBuildPhase section */

/* Begin PBXSourcesBuildPhase section */
		BE7C79A2297E67AB0065000D /* Sources */ = {
			isa = PBXSourcesBuildPhase;
			buildActionMask = 2147483647;
			files = (
				BE9288FE297FB3C600196147 /* CategoryPickerViewController.swift in Sources */,
				BE48DE5D297E9FB500B5EB26 /* TopHeadlinesTableViewCell.swift in Sources */,
				BE7C79C3297E6A380065000D /* HomeContract.swift in Sources */,
				BE7C79D9297E7B4E0065000D /* BaseViewController.swift in Sources */,
				BE7C79D4297E798A0065000D /* Constant.swift in Sources */,
				BEDE8DD92983A62100F6180D /* AlertManager.swift in Sources */,
				BE7C79CD297E6A780065000D /* HomeEntity.swift in Sources */,
				BE48DE48297E9DD500B5EB26 /* NewsResponse.swift in Sources */,
				BE7C79AA297E67AB0065000D /* AppDelegate.swift in Sources */,
				BE7C79CB297E6A6C0065000D /* HomePresenter.swift in Sources */,
				BE740847297F847D0026393B /* DetailNewsViewController.swift in Sources */,
				BE740840297EA33D0026393B /* Extension.swift in Sources */,
				BE928902297FB8BE00196147 /* CategoryPickerTableViewCell.swift in Sources */,
				BE48DE60297E9FB500B5EB26 /* FirstTopHeadlinesTableViewCell.swift in Sources */,
				BE7C79CF297E6A850065000D /* HomeRouter.swift in Sources */,
				BE7C79D7297E7B030065000D /* BaseRouter.swift in Sources */,
				BE7C79C9297E6A5E0065000D /* HomeInteractor.swift in Sources */,
				BE7C79C6297E6A510065000D /* HomeViewController.swift in Sources */,
			);
			runOnlyForDeploymentPostprocessing = 0;
		};
/* End PBXSourcesBuildPhase section */

/* Begin PBXVariantGroup section */
		BE7C79AF297E67AB0065000D /* Main.storyboard */ = {
			isa = PBXVariantGroup;
			children = (
				BE7C79B0297E67AB0065000D /* Base */,
			);
			name = Main.storyboard;
			sourceTree = "<group>";
		};
		BE7C79B4297E67AD0065000D /* LaunchScreen.storyboard */ = {
			isa = PBXVariantGroup;
			children = (
				BE7C79B5297E67AD0065000D /* Base */,
			);
			name = LaunchScreen.storyboard;
			sourceTree = "<group>";
		};
/* End PBXVariantGroup section */

/* Begin XCBuildConfiguration section */
		BE7C79B8297E67AD0065000D /* Debug */ = {
			isa = XCBuildConfiguration;
			buildSettings = {
				ALWAYS_SEARCH_USER_PATHS = NO;
				CLANG_ANALYZER_NONNULL = YES;
				CLANG_ANALYZER_NUMBER_OBJECT_CONVERSION = YES_AGGRESSIVE;
				CLANG_CXX_LANGUAGE_STANDARD = "gnu++20";
				CLANG_ENABLE_MODULES = YES;
				CLANG_ENABLE_OBJC_ARC = YES;
				CLANG_ENABLE_OBJC_WEAK = YES;
				CLANG_WARN_BLOCK_CAPTURE_AUTORELEASING = YES;
				CLANG_WARN_BOOL_CONVERSION = YES;
				CLANG_WARN_COMMA = YES;
				CLANG_WARN_CONSTANT_CONVERSION = YES;
				CLANG_WARN_DEPRECATED_OBJC_IMPLEMENTATIONS = YES;
				CLANG_WARN_DIRECT_OBJC_ISA_USAGE = YES_ERROR;
				CLANG_WARN_DOCUMENTATION_COMMENTS = YES;
				CLANG_WARN_EMPTY_BODY = YES;
				CLANG_WARN_ENUM_CONVERSION = YES;
				CLANG_WARN_INFINITE_RECURSION = YES;
				CLANG_WARN_INT_CONVERSION = YES;
				CLANG_WARN_NON_LITERAL_NULL_CONVERSION = YES;
				CLANG_WARN_OBJC_IMPLICIT_RETAIN_SELF = YES;
				CLANG_WARN_OBJC_LITERAL_CONVERSION = YES;
				CLANG_WARN_OBJC_ROOT_CLASS = YES_ERROR;
				CLANG_WARN_QUOTED_INCLUDE_IN_FRAMEWORK_HEADER = YES;
				CLANG_WARN_RANGE_LOOP_ANALYSIS = YES;
				CLANG_WARN_STRICT_PROTOTYPES = YES;
				CLANG_WARN_SUSPICIOUS_MOVE = YES;
				CLANG_WARN_UNGUARDED_AVAILABILITY = YES_AGGRESSIVE;
				CLANG_WARN_UNREACHABLE_CODE = YES;
				CLANG_WARN__DUPLICATE_METHOD_MATCH = YES;
				COPY_PHASE_STRIP = NO;
				DEBUG_INFORMATION_FORMAT = dwarf;
				ENABLE_STRICT_OBJC_MSGSEND = YES;
				ENABLE_TESTABILITY = YES;
				GCC_C_LANGUAGE_STANDARD = gnu11;
				GCC_DYNAMIC_NO_PIC = NO;
				GCC_NO_COMMON_BLOCKS = YES;
				GCC_OPTIMIZATION_LEVEL = 0;
				GCC_PREPROCESSOR_DEFINITIONS = (
					"DEBUG=1",
					"$(inherited)",
				);
				GCC_WARN_64_TO_32_BIT_CONVERSION = YES;
				GCC_WARN_ABOUT_RETURN_TYPE = YES_ERROR;
				GCC_WARN_UNDECLARED_SELECTOR = YES;
				GCC_WARN_UNINITIALIZED_AUTOS = YES_AGGRESSIVE;
				GCC_WARN_UNUSED_FUNCTION = YES;
				GCC_WARN_UNUSED_VARIABLE = YES;
				IPHONEOS_DEPLOYMENT_TARGET = 16.1;
				MTL_ENABLE_DEBUG_INFO = INCLUDE_SOURCE;
				MTL_FAST_MATH = YES;
				ONLY_ACTIVE_ARCH = YES;
				SDKROOT = iphoneos;
				SWIFT_ACTIVE_COMPILATION_CONDITIONS = DEBUG;
				SWIFT_OPTIMIZATION_LEVEL = "-Onone";
			};
			name = Debug;
		};
		BE7C79B9297E67AD0065000D /* Release */ = {
			isa = XCBuildConfiguration;
			buildSettings = {
				ALWAYS_SEARCH_USER_PATHS = NO;
				CLANG_ANALYZER_NONNULL = YES;
				CLANG_ANALYZER_NUMBER_OBJECT_CONVERSION = YES_AGGRESSIVE;
				CLANG_CXX_LANGUAGE_STANDARD = "gnu++20";
				CLANG_ENABLE_MODULES = YES;
				CLANG_ENABLE_OBJC_ARC = YES;
				CLANG_ENABLE_OBJC_WEAK = YES;
				CLANG_WARN_BLOCK_CAPTURE_AUTORELEASING = YES;
				CLANG_WARN_BOOL_CONVERSION = YES;
				CLANG_WARN_COMMA = YES;
				CLANG_WARN_CONSTANT_CONVERSION = YES;
				CLANG_WARN_DEPRECATED_OBJC_IMPLEMENTATIONS = YES;
				CLANG_WARN_DIRECT_OBJC_ISA_USAGE = YES_ERROR;
				CLANG_WARN_DOCUMENTATION_COMMENTS = YES;
				CLANG_WARN_EMPTY_BODY = YES;
				CLANG_WARN_ENUM_CONVERSION = YES;
				CLANG_WARN_INFINITE_RECURSION = YES;
				CLANG_WARN_INT_CONVERSION = YES;
				CLANG_WARN_NON_LITERAL_NULL_CONVERSION = YES;
				CLANG_WARN_OBJC_IMPLICIT_RETAIN_SELF = YES;
				CLANG_WARN_OBJC_LITERAL_CONVERSION = YES;
				CLANG_WARN_OBJC_ROOT_CLASS = YES_ERROR;
				CLANG_WARN_QUOTED_INCLUDE_IN_FRAMEWORK_HEADER = YES;
				CLANG_WARN_RANGE_LOOP_ANALYSIS = YES;
				CLANG_WARN_STRICT_PROTOTYPES = YES;
				CLANG_WARN_SUSPICIOUS_MOVE = YES;
				CLANG_WARN_UNGUARDED_AVAILABILITY = YES_AGGRESSIVE;
				CLANG_WARN_UNREACHABLE_CODE = YES;
				CLANG_WARN__DUPLICATE_METHOD_MATCH = YES;
				COPY_PHASE_STRIP = NO;
				DEBUG_INFORMATION_FORMAT = "dwarf-with-dsym";
				ENABLE_NS_ASSERTIONS = NO;
				ENABLE_STRICT_OBJC_MSGSEND = YES;
				GCC_C_LANGUAGE_STANDARD = gnu11;
				GCC_NO_COMMON_BLOCKS = YES;
				GCC_WARN_64_TO_32_BIT_CONVERSION = YES;
				GCC_WARN_ABOUT_RETURN_TYPE = YES_ERROR;
				GCC_WARN_UNDECLARED_SELECTOR = YES;
				GCC_WARN_UNINITIALIZED_AUTOS = YES_AGGRESSIVE;
				GCC_WARN_UNUSED_FUNCTION = YES;
				GCC_WARN_UNUSED_VARIABLE = YES;
				IPHONEOS_DEPLOYMENT_TARGET = 16.1;
				MTL_ENABLE_DEBUG_INFO = NO;
				MTL_FAST_MATH = YES;
				SDKROOT = iphoneos;
				SWIFT_COMPILATION_MODE = wholemodule;
				SWIFT_OPTIMIZATION_LEVEL = "-O";
				VALIDATE_PRODUCT = YES;
			};
			name = Release;
		};
		BE7C79BB297E67AD0065000D /* Debug */ = {
			isa = XCBuildConfiguration;
			baseConfigurationReference = F395123C0B30939C29CC83C8 /* Pods-NewsApp.debug.xcconfig */;
			buildSettings = {
				ASSETCATALOG_COMPILER_APPICON_NAME = AppIcon;
				ASSETCATALOG_COMPILER_GLOBAL_ACCENT_COLOR_NAME = AccentColor;
				CODE_SIGN_STYLE = Automatic;
				CURRENT_PROJECT_VERSION = 1;
				DEVELOPMENT_TEAM = V8XSYAW96H;
				GENERATE_INFOPLIST_FILE = YES;
				INFOPLIST_FILE = NewsApp/Info.plist;
				INFOPLIST_KEY_UIApplicationSupportsIndirectInputEvents = YES;
				INFOPLIST_KEY_UILaunchStoryboardName = LaunchScreen;
				INFOPLIST_KEY_UIMainStoryboardFile = Main;
				INFOPLIST_KEY_UISupportedInterfaceOrientations_iPad = "UIInterfaceOrientationPortrait UIInterfaceOrientationPortraitUpsideDown UIInterfaceOrientationLandscapeLeft UIInterfaceOrientationLandscapeRight";
				INFOPLIST_KEY_UISupportedInterfaceOrientations_iPhone = "UIInterfaceOrientationPortrait UIInterfaceOrientationLandscapeLeft UIInterfaceOrientationLandscapeRight";
				IPHONEOS_DEPLOYMENT_TARGET = 12.0;
				LD_RUNPATH_SEARCH_PATHS = (
					"$(inherited)",
					"@executable_path/Frameworks",
				);
				MARKETING_VERSION = 1.0;
				PRODUCT_BUNDLE_IDENTIFIER = com.rch.NewsApp;
				PRODUCT_NAME = "$(TARGET_NAME)";
				SWIFT_EMIT_LOC_STRINGS = YES;
				SWIFT_VERSION = 5.0;
				TARGETED_DEVICE_FAMILY = "1,2";
			};
			name = Debug;
		};
		BE7C79BC297E67AD0065000D /* Release */ = {
			isa = XCBuildConfiguration;
			baseConfigurationReference = 08DE404E20410D97ECD042EC /* Pods-NewsApp.release.xcconfig */;
			buildSettings = {
				ASSETCATALOG_COMPILER_APPICON_NAME = AppIcon;
				ASSETCATALOG_COMPILER_GLOBAL_ACCENT_COLOR_NAME = AccentColor;
				CODE_SIGN_STYLE = Automatic;
				CURRENT_PROJECT_VERSION = 1;
				DEVELOPMENT_TEAM = V8XSYAW96H;
				GENERATE_INFOPLIST_FILE = YES;
				INFOPLIST_FILE = NewsApp/Info.plist;
				INFOPLIST_KEY_UIApplicationSupportsIndirectInputEvents = YES;
				INFOPLIST_KEY_UILaunchStoryboardName = LaunchScreen;
				INFOPLIST_KEY_UIMainStoryboardFile = Main;
				INFOPLIST_KEY_UISupportedInterfaceOrientations_iPad = "UIInterfaceOrientationPortrait UIInterfaceOrientationPortraitUpsideDown UIInterfaceOrientationLandscapeLeft UIInterfaceOrientationLandscapeRight";
				INFOPLIST_KEY_UISupportedInterfaceOrientations_iPhone = "UIInterfaceOrientationPortrait UIInterfaceOrientationLandscapeLeft UIInterfaceOrientationLandscapeRight";
				IPHONEOS_DEPLOYMENT_TARGET = 12.0;
				LD_RUNPATH_SEARCH_PATHS = (
					"$(inherited)",
					"@executable_path/Frameworks",
				);
				MARKETING_VERSION = 1.0;
				PRODUCT_BUNDLE_IDENTIFIER = com.rch.NewsApp;
				PRODUCT_NAME = "$(TARGET_NAME)";
				SWIFT_EMIT_LOC_STRINGS = YES;
				SWIFT_VERSION = 5.0;
				TARGETED_DEVICE_FAMILY = "1,2";
			};
			name = Release;
		};
/* End XCBuildConfiguration section */

/* Begin XCConfigurationList section */
		BE7C79A1297E67AB0065000D /* Build configuration list for PBXProject "NewsApp" */ = {
			isa = XCConfigurationList;
			buildConfigurations = (
				BE7C79B8297E67AD0065000D /* Debug */,
				BE7C79B9297E67AD0065000D /* Release */,
			);
			defaultConfigurationIsVisible = 0;
			defaultConfigurationName = Release;
		};
		BE7C79BA297E67AD0065000D /* Build configuration list for PBXNativeTarget "NewsApp" */ = {
			isa = XCConfigurationList;
			buildConfigurations = (
				BE7C79BB297E67AD0065000D /* Debug */,
				BE7C79BC297E67AD0065000D /* Release */,
			);
			defaultConfigurationIsVisible = 0;
			defaultConfigurationName = Release;
		};
/* End XCConfigurationList section */
	};
	rootObject = BE7C799E297E67AB0065000D /* Project object */;
}
